
Microsoft Visual Studio Solution File, Format Version 12.00
# Visual Studio Version 17
VisualStudioVersion = 17.7.34221.43
MinimumVisualStudioVersion = 10.0.40219.1
Project("{FAE04EC0-301F-11D3-BF4B-00C04F79EFBC}") = "SPRT RPG", "SPRT RPG\SPRT RPG.csproj", "{C6BABDE8-816B-483A-AF67-F9B36B520302}"
EndProject
Global
	GlobalSection(SolutionConfigurationPlatforms) = preSolution
		Debug|Any CPU = Debug|Any CPU
		Release|Any CPU = Release|Any CPU
	EndGlobalSection
	GlobalSection(ProjectConfigurationPlatforms) = postSolution
		{C6BABDE8-816B-483A-AF67-F9B36B520302}.Debug|Any CPU.ActiveCfg = Debug|Any CPU
		{C6BABDE8-816B-483A-AF67-F9B36B520302}.Debug|Any CPU.Build.0 = Debug|Any CPU
		{C6BABDE8-816B-483A-AF67-F9B36B520302}.Release|Any CPU.ActiveCfg = Release|Any CPU
		{C6BABDE8-816B-483A-AF67-F9B36B520302}.Release|Any CPU.Build.0 = Release|Any CPU
	EndGlobalSection
	GlobalSection(SolutionProperties) = preSolution
		HideSolutionNode = FALSE
	EndGlobalSection
	GlobalSection(ExtensibilityGlobals) = postSolution
		SolutionGuid = {65E335A5-B916-45BA-A8AC-24AE5959C9CB}
	EndGlobalSection
EndGlobal
